// !$*UTF8*$!
{
	archiveVersion = 1;
	classes = {
	};
	objectVersion = 55;
	objects = {

/* Begin PBXBuildFile section */
		A635CD1A27F6D7A200434664 /* NSPoint+MultiCursor.swift in Sources */ = {isa = PBXBuildFile; fileRef = A635CD1927F6D7A200434664 /* NSPoint+MultiCursor.swift */; };
		A635CD1C27F6D7B400434664 /* NSSIze+MultiCursor.swift in Sources */ = {isa = PBXBuildFile; fileRef = A635CD1B27F6D7B400434664 /* NSSIze+MultiCursor.swift */; };
		A635CD1E27F6D7C200434664 /* NSRect+MultiCursor.swift in Sources */ = {isa = PBXBuildFile; fileRef = A635CD1D27F6D7C200434664 /* NSRect+MultiCursor.swift */; };
		A635CD2027F6D7D200434664 /* NSRange+MultiCursor.swift in Sources */ = {isa = PBXBuildFile; fileRef = A635CD1F27F6D7D200434664 /* NSRange+MultiCursor.swift */; };
		A635CD2227F6D7E100434664 /* Logging.swift in Sources */ = {isa = PBXBuildFile; fileRef = A635CD2127F6D7E100434664 /* Logging.swift */; };
		A678FEB327F4D0D600BEF8FA /* AppDelegate.swift in Sources */ = {isa = PBXBuildFile; fileRef = A678FEB227F4D0D600BEF8FA /* AppDelegate.swift */; };
		A678FEB527F4D0D600BEF8FA /* ViewController.swift in Sources */ = {isa = PBXBuildFile; fileRef = A678FEB427F4D0D600BEF8FA /* ViewController.swift */; };
		A678FEB727F4D0D700BEF8FA /* Assets.xcassets in Resources */ = {isa = PBXBuildFile; fileRef = A678FEB627F4D0D700BEF8FA /* Assets.xcassets */; };
		A678FEBA27F4D0D700BEF8FA /* Main.storyboard in Resources */ = {isa = PBXBuildFile; fileRef = A678FEB827F4D0D700BEF8FA /* Main.storyboard */; };
		A678FEC227F4D0ED00BEF8FA /* MultiCursorTextView.swift in Sources */ = {isa = PBXBuildFile; fileRef = A678FEC127F4D0ED00BEF8FA /* MultiCursorTextView.swift */; };
/* End PBXBuildFile section */

/* Begin PBXFileReference section */
		A635CD1927F6D7A200434664 /* NSPoint+MultiCursor.swift */ = {isa = PBXFileReference; lastKnownFileType = sourcecode.swift; path = "NSPoint+MultiCursor.swift"; sourceTree = "<group>"; };
		A635CD1B27F6D7B400434664 /* NSSIze+MultiCursor.swift */ = {isa = PBXFileReference; lastKnownFileType = sourcecode.swift; path = "NSSIze+MultiCursor.swift"; sourceTree = "<group>"; };
		A635CD1D27F6D7C200434664 /* NSRect+MultiCursor.swift */ = {isa = PBXFileReference; lastKnownFileType = sourcecode.swift; path = "NSRect+MultiCursor.swift"; sourceTree = "<group>"; };
		A635CD1F27F6D7D200434664 /* NSRange+MultiCursor.swift */ = {isa = PBXFileReference; lastKnownFileType = sourcecode.swift; path = "NSRange+MultiCursor.swift"; sourceTree = "<group>"; };
		A635CD2127F6D7E100434664 /* Logging.swift */ = {isa = PBXFileReference; lastKnownFileType = sourcecode.swift; path = Logging.swift; sourceTree = "<group>"; };
		A678FEAF27F4D0D600BEF8FA /* MultiCursor.app */ = {isa = PBXFileReference; explicitFileType = wrapper.application; includeInIndex = 0; path = MultiCursor.app; sourceTree = BUILT_PRODUCTS_DIR; };
		A678FEB227F4D0D600BEF8FA /* AppDelegate.swift */ = {isa = PBXFileReference; lastKnownFileType = sourcecode.swift; path = AppDelegate.swift; sourceTree = "<group>"; };
		A678FEB427F4D0D600BEF8FA /* ViewController.swift */ = {isa = PBXFileReference; lastKnownFileType = sourcecode.swift; path = ViewController.swift; sourceTree = "<group>"; };
		A678FEB627F4D0D700BEF8FA /* Assets.xcassets */ = {isa = PBXFileReference; lastKnownFileType = folder.assetcatalog; path = Assets.xcassets; sourceTree = "<group>"; };
		A678FEB927F4D0D700BEF8FA /* Base */ = {isa = PBXFileReference; lastKnownFileType = file.storyboard; name = Base; path = Base.lproj/Main.storyboard; sourceTree = "<group>"; };
		A678FEBB27F4D0D700BEF8FA /* MultiCursor.entitlements */ = {isa = PBXFileReference; lastKnownFileType = text.plist.entitlements; path = MultiCursor.entitlements; sourceTree = "<group>"; };
		A678FEC127F4D0ED00BEF8FA /* MultiCursorTextView.swift */ = {isa = PBXFileReference; lastKnownFileType = sourcecode.swift; path = MultiCursorTextView.swift; sourceTree = "<group>"; };
/* End PBXFileReference section */

/* Begin PBXFrameworksBuildPhase section */
		A678FEAC27F4D0D600BEF8FA /* Frameworks */ = {
			isa = PBXFrameworksBuildPhase;
			buildActionMask = 2147483647;
			files = (
			);
			runOnlyForDeploymentPostprocessing = 0;
		};
/* End PBXFrameworksBuildPhase section */

/* Begin PBXGroup section */
		A678FEA627F4D0D600BEF8FA = {
			isa = PBXGroup;
			children = (
				A678FEB127F4D0D600BEF8FA /* MultiCursor */,
				A678FEB027F4D0D600BEF8FA /* Products */,
			);
			sourceTree = "<group>";
		};
		A678FEB027F4D0D600BEF8FA /* Products */ = {
			isa = PBXGroup;
			children = (
				A678FEAF27F4D0D600BEF8FA /* MultiCursor.app */,
			);
			name = Products;
			sourceTree = "<group>";
		};
		A678FEB127F4D0D600BEF8FA /* MultiCursor */ = {
			isa = PBXGroup;
			children = (
				A678FEB227F4D0D600BEF8FA /* AppDelegate.swift */,
				A678FEB627F4D0D700BEF8FA /* Assets.xcassets */,
				A635CD2127F6D7E100434664 /* Logging.swift */,
				A678FEB827F4D0D700BEF8FA /* Main.storyboard */,
				A678FEBB27F4D0D700BEF8FA /* MultiCursor.entitlements */,
				A678FEC127F4D0ED00BEF8FA /* MultiCursorTextView.swift */,
				A635CD1927F6D7A200434664 /* NSPoint+MultiCursor.swift */,
				A635CD1F27F6D7D200434664 /* NSRange+MultiCursor.swift */,
				A635CD1D27F6D7C200434664 /* NSRect+MultiCursor.swift */,
				A635CD1B27F6D7B400434664 /* NSSIze+MultiCursor.swift */,
				A678FEB427F4D0D600BEF8FA /* ViewController.swift */,
			);
			path = MultiCursor;
			sourceTree = "<group>";
		};
/* End PBXGroup section */

/* Begin PBXNativeTarget section */
		A678FEAE27F4D0D600BEF8FA /* MultiCursor */ = {
			isa = PBXNativeTarget;
			buildConfigurationList = A678FEBE27F4D0D700BEF8FA /* Build configuration list for PBXNativeTarget "MultiCursor" */;
			buildPhases = (
				A678FEAB27F4D0D600BEF8FA /* Sources */,
				A678FEAC27F4D0D600BEF8FA /* Frameworks */,
				A678FEAD27F4D0D600BEF8FA /* Resources */,
			);
			buildRules = (
			);
			dependencies = (
			);
			name = MultiCursor;
			productName = MultiCursor;
			productReference = A678FEAF27F4D0D600BEF8FA /* MultiCursor.app */;
			productType = "com.apple.product-type.application";
		};
/* End PBXNativeTarget section */

/* Begin PBXProject section */
		A678FEA727F4D0D600BEF8FA /* Project object */ = {
			isa = PBXProject;
			attributes = {
				BuildIndependentTargetsInParallel = 1;
				LastSwiftUpdateCheck = 1330;
				LastUpgradeCheck = 1330;
				TargetAttributes = {
					A678FEAE27F4D0D600BEF8FA = {
						CreatedOnToolsVersion = 13.3;
					};
				};
			};
			buildConfigurationList = A678FEAA27F4D0D600BEF8FA /* Build configuration list for PBXProject "MultiCursor" */;
			compatibilityVersion = "Xcode 13.0";
			developmentRegion = en;
			hasScannedForEncodings = 0;
			knownRegions = (
				en,
				Base,
			);
			mainGroup = A678FEA627F4D0D600BEF8FA;
			productRefGroup = A678FEB027F4D0D600BEF8FA /* Products */;
			projectDirPath = "";
			projectRoot = "";
			targets = (
				A678FEAE27F4D0D600BEF8FA /* MultiCursor */,
			);
		};
/* End PBXProject section */

/* Begin PBXResourcesBuildPhase section */
		A678FEAD27F4D0D600BEF8FA /* Resources */ = {
			isa = PBXResourcesBuildPhase;
			buildActionMask = 2147483647;
			files = (
				A678FEB727F4D0D700BEF8FA /* Assets.xcassets in Resources */,
				A678FEBA27F4D0D700BEF8FA /* Main.storyboard in Resources */,
			);
			runOnlyForDeploymentPostprocessing = 0;
		};
/* End PBXResourcesBuildPhase section */

/* Begin PBXSourcesBuildPhase section */
		A678FEAB27F4D0D600BEF8FA /* Sources */ = {
			isa = PBXSourcesBuildPhase;
			buildActionMask = 2147483647;
			files = (
				A635CD1E27F6D7C200434664 /* NSRect+MultiCursor.swift in Sources */,
				A635CD1C27F6D7B400434664 /* NSSIze+MultiCursor.swift in Sources */,
				A635CD2027F6D7D200434664 /* NSRange+MultiCursor.swift in Sources */,
				A678FEB527F4D0D600BEF8FA /* ViewController.swift in Sources */,
				A678FEC227F4D0ED00BEF8FA /* MultiCursorTextView.swift in Sources */,
				A678FEB327F4D0D600BEF8FA /* AppDelegate.swift in Sources */,
				A635CD1A27F6D7A200434664 /* NSPoint+MultiCursor.swift in Sources */,
				A635CD2227F6D7E100434664 /* Logging.swift in Sources */,
			);
			runOnlyForDeploymentPostprocessing = 0;
		};
/* End PBXSourcesBuildPhase section */

/* Begin PBXVariantGroup section */
		A678FEB827F4D0D700BEF8FA /* Main.storyboard */ = {
			isa = PBXVariantGroup;
			children = (
				A678FEB927F4D0D700BEF8FA /* Base */,
			);
			name = Main.storyboard;
			sourceTree = "<group>";
		};
/* End PBXVariantGroup section */

/* Begin XCBuildConfiguration section */
		A678FEBC27F4D0D700BEF8FA /* Debug */ = {
			isa = XCBuildConfiguration;
			buildSettings = {
				ALWAYS_SEARCH_USER_PATHS = NO;
				CLANG_ANALYZER_NONNULL = YES;
				CLANG_ANALYZER_NUMBER_OBJECT_CONVERSION = YES_AGGRESSIVE;
				CLANG_CXX_LANGUAGE_STANDARD = "gnu++17";
				CLANG_ENABLE_MODULES = YES;
				CLANG_ENABLE_OBJC_ARC = YES;
				CLANG_ENABLE_OBJC_WEAK = YES;
				CLANG_WARN_BLOCK_CAPTURE_AUTORELEASING = YES;
				CLANG_WARN_BOOL_CONVERSION = YES;
				CLANG_WARN_COMMA = YES;
				CLANG_WARN_CONSTANT_CONVERSION = YES;
				CLANG_WARN_DEPRECATED_OBJC_IMPLEMENTATIONS = YES;
				CLANG_WARN_DIRECT_OBJC_ISA_USAGE = YES_ERROR;
				CLANG_WARN_DOCUMENTATION_COMMENTS = YES;
				CLANG_WARN_EMPTY_BODY = YES;
				CLANG_WARN_ENUM_CONVERSION = YES;
				CLANG_WARN_INFINITE_RECURSION = YES;
				CLANG_WARN_INT_CONVERSION = YES;
				CLANG_WARN_NON_LITERAL_NULL_CONVERSION = YES;
				CLANG_WARN_OBJC_IMPLICIT_RETAIN_SELF = YES;
				CLANG_WARN_OBJC_LITERAL_CONVERSION = YES;
				CLANG_WARN_OBJC_ROOT_CLASS = YES_ERROR;
				CLANG_WARN_QUOTED_INCLUDE_IN_FRAMEWORK_HEADER = YES;
				CLANG_WARN_RANGE_LOOP_ANALYSIS = YES;
				CLANG_WARN_STRICT_PROTOTYPES = YES;
				CLANG_WARN_SUSPICIOUS_MOVE = YES;
				CLANG_WARN_UNGUARDED_AVAILABILITY = YES_AGGRESSIVE;
				CLANG_WARN_UNREACHABLE_CODE = YES;
				CLANG_WARN__DUPLICATE_METHOD_MATCH = YES;
				COPY_PHASE_STRIP = NO;
				DEBUG_INFORMATION_FORMAT = dwarf;
				ENABLE_STRICT_OBJC_MSGSEND = YES;
				ENABLE_TESTABILITY = YES;
				GCC_C_LANGUAGE_STANDARD = gnu11;
				GCC_DYNAMIC_NO_PIC = NO;
				GCC_NO_COMMON_BLOCKS = YES;
				GCC_OPTIMIZATION_LEVEL = 0;
				GCC_PREPROCESSOR_DEFINITIONS = (
					"DEBUG=1",
					"$(inherited)",
				);
				GCC_WARN_64_TO_32_BIT_CONVERSION = YES;
				GCC_WARN_ABOUT_RETURN_TYPE = YES_ERROR;
				GCC_WARN_UNDECLARED_SELECTOR = YES;
				GCC_WARN_UNINITIALIZED_AUTOS = YES_AGGRESSIVE;
				GCC_WARN_UNUSED_FUNCTION = YES;
				GCC_WARN_UNUSED_VARIABLE = YES;
				MACOSX_DEPLOYMENT_TARGET = 12.2;
				MTL_ENABLE_DEBUG_INFO = INCLUDE_SOURCE;
				MTL_FAST_MATH = YES;
				ONLY_ACTIVE_ARCH = YES;
				SDKROOT = macosx;
				SWIFT_ACTIVE_COMPILATION_CONDITIONS = DEBUG;
				SWIFT_OPTIMIZATION_LEVEL = "-Onone";
			};
			name = Debug;
		};
		A678FEBD27F4D0D700BEF8FA /* Release */ = {
			isa = XCBuildConfiguration;
			buildSettings = {
				ALWAYS_SEARCH_USER_PATHS = NO;
				CLANG_ANALYZER_NONNULL = YES;
				CLANG_ANALYZER_NUMBER_OBJECT_CONVERSION = YES_AGGRESSIVE;
				CLANG_CXX_LANGUAGE_STANDARD = "gnu++17";
				CLANG_ENABLE_MODULES = YES;
				CLANG_ENABLE_OBJC_ARC = YES;
				CLANG_ENABLE_OBJC_WEAK = YES;
				CLANG_WARN_BLOCK_CAPTURE_AUTORELEASING = YES;
				CLANG_WARN_BOOL_CONVERSION = YES;
				CLANG_WARN_COMMA = YES;
				CLANG_WARN_CONSTANT_CONVERSION = YES;
				CLANG_WARN_DEPRECATED_OBJC_IMPLEMENTATIONS = YES;
				CLANG_WARN_DIRECT_OBJC_ISA_USAGE = YES_ERROR;
				CLANG_WARN_DOCUMENTATION_COMMENTS = YES;
				CLANG_WARN_EMPTY_BODY = YES;
				CLANG_WARN_ENUM_CONVERSION = YES;
				CLANG_WARN_INFINITE_RECURSION = YES;
				CLANG_WARN_INT_CONVERSION = YES;
				CLANG_WARN_NON_LITERAL_NULL_CONVERSION = YES;
				CLANG_WARN_OBJC_IMPLICIT_RETAIN_SELF = YES;
				CLANG_WARN_OBJC_LITERAL_CONVERSION = YES;
				CLANG_WARN_OBJC_ROOT_CLASS = YES_ERROR;
				CLANG_WARN_QUOTED_INCLUDE_IN_FRAMEWORK_HEADER = YES;
				CLANG_WARN_RANGE_LOOP_ANALYSIS = YES;
				CLANG_WARN_STRICT_PROTOTYPES = YES;
				CLANG_WARN_SUSPICIOUS_MOVE = YES;
				CLANG_WARN_UNGUARDED_AVAILABILITY = YES_AGGRESSIVE;
				CLANG_WARN_UNREACHABLE_CODE = YES;
				CLANG_WARN__DUPLICATE_METHOD_MATCH = YES;
				COPY_PHASE_STRIP = NO;
				DEBUG_INFORMATION_FORMAT = "dwarf-with-dsym";
				ENABLE_NS_ASSERTIONS = NO;
				ENABLE_STRICT_OBJC_MSGSEND = YES;
				GCC_C_LANGUAGE_STANDARD = gnu11;
				GCC_NO_COMMON_BLOCKS = YES;
				GCC_WARN_64_TO_32_BIT_CONVERSION = YES;
				GCC_WARN_ABOUT_RETURN_TYPE = YES_ERROR;
				GCC_WARN_UNDECLARED_SELECTOR = YES;
				GCC_WARN_UNINITIALIZED_AUTOS = YES_AGGRESSIVE;
				GCC_WARN_UNUSED_FUNCTION = YES;
				GCC_WARN_UNUSED_VARIABLE = YES;
				MACOSX_DEPLOYMENT_TARGET = 12.2;
				MTL_ENABLE_DEBUG_INFO = NO;
				MTL_FAST_MATH = YES;
				SDKROOT = macosx;
				SWIFT_COMPILATION_MODE = wholemodule;
				SWIFT_OPTIMIZATION_LEVEL = "-O";
			};
			name = Release;
		};
		A678FEBF27F4D0D700BEF8FA /* Debug */ = {
			isa = XCBuildConfiguration;
			buildSettings = {
				ASSETCATALOG_COMPILER_APPICON_NAME = AppIcon;
				ASSETCATALOG_COMPILER_GLOBAL_ACCENT_COLOR_NAME = AccentColor;
				CODE_SIGN_ENTITLEMENTS = MultiCursor/MultiCursor.entitlements;
				CODE_SIGN_STYLE = Automatic;
				COMBINE_HIDPI_IMAGES = YES;
				CURRENT_PROJECT_VERSION = 1;
				DEVELOPMENT_TEAM = H7V7XYVQ7D;
				ENABLE_HARDENED_RUNTIME = YES;
				GENERATE_INFOPLIST_FILE = YES;
				INFOPLIST_KEY_NSHumanReadableCopyright = "";
				INFOPLIST_KEY_NSMainStoryboardFile = Main;
				INFOPLIST_KEY_NSPrincipalClass = NSApplication;
				LD_RUNPATH_SEARCH_PATHS = (
					"$(inherited)",
					"@executable_path/../Frameworks",
				);
				MARKETING_VERSION = 1.0;
				PRODUCT_BUNDLE_IDENTIFIER = com.iterm2.MultiCursor;
				PRODUCT_NAME = "$(TARGET_NAME)";
				SWIFT_EMIT_LOC_STRINGS = YES;
				SWIFT_VERSION = 5.0;
			};
			name = Debug;
		};
		A678FEC027F4D0D700BEF8FA /* Release */ = {
			isa = XCBuildConfiguration;
			buildSettings = {
				ASSETCATALOG_COMPILER_APPICON_NAME = AppIcon;
				ASSETCATALOG_COMPILER_GLOBAL_ACCENT_COLOR_NAME = AccentColor;
				CODE_SIGN_ENTITLEMENTS = MultiCursor/MultiCursor.entitlements;
				CODE_SIGN_STYLE = Automatic;
				COMBINE_HIDPI_IMAGES = YES;
				CURRENT_PROJECT_VERSION = 1;
				DEVELOPMENT_TEAM = H7V7XYVQ7D;
				ENABLE_HARDENED_RUNTIME = YES;
				GENERATE_INFOPLIST_FILE = YES;
				INFOPLIST_KEY_NSHumanReadableCopyright = "";
				INFOPLIST_KEY_NSMainStoryboardFile = Main;
				INFOPLIST_KEY_NSPrincipalClass = NSApplication;
				LD_RUNPATH_SEARCH_PATHS = (
					"$(inherited)",
					"@executable_path/../Frameworks",
				);
				MARKETING_VERSION = 1.0;
				PRODUCT_BUNDLE_IDENTIFIER = com.iterm2.MultiCursor;
				PRODUCT_NAME = "$(TARGET_NAME)";
				SWIFT_EMIT_LOC_STRINGS = YES;
				SWIFT_VERSION = 5.0;
			};
			name = Release;
		};
/* End XCBuildConfiguration section */

/* Begin XCConfigurationList section */
		A678FEAA27F4D0D600BEF8FA /* Build configuration list for PBXProject "MultiCursor" */ = {
			isa = XCConfigurationList;
			buildConfigurations = (
				A678FEBC27F4D0D700BEF8FA /* Debug */,
				A678FEBD27F4D0D700BEF8FA /* Release */,
			);
			defaultConfigurationIsVisible = 0;
			defaultConfigurationName = Release;
		};
		A678FEBE27F4D0D700BEF8FA /* Build configuration list for PBXNativeTarget "MultiCursor" */ = {
			isa = XCConfigurationList;
			buildConfigurations = (
				A678FEBF27F4D0D700BEF8FA /* Debug */,
				A678FEC027F4D0D700BEF8FA /* Release */,
			);
			defaultConfigurationIsVisible = 0;
			defaultConfigurationName = Release;
		};
/* End XCConfigurationList section */
	};
	rootObject = A678FEA727F4D0D600BEF8FA /* Project object */;
}
